
Microsoft Visual Studio Solution File, Format Version 12.00
# Visual Studio Version 17
VisualStudioVersion = 17.1.32210.238
MinimumVisualStudioVersion = 10.0.40219.1
Project("{9A19103F-16F7-4668-BE54-9A1E7A4F7556}") = "MMIXCompiler", "MMIXCompiler\MMIXCompiler.csproj", "{547355BD-A20B-4698-9433-8DAF25E8BF34}"
EndProject
Project("{9A19103F-16F7-4668-BE54-9A1E7A4F7556}") = "TestCode", "TestCode\TestCode.csproj", "{D1F4960E-D696-4484-A601-EFFB27E95E09}"
EndProject
Project("{FAE04EC0-301F-11D3-BF4B-00C04F79EFBC}") = "MMIXStd", "MMIXStd\MMIXStd.csproj", "{FD184851-954D-4066-B8A4-7754F7002E8E}"
EndProject
Global
	GlobalSection(SolutionConfigurationPlatforms) = preSolution
		Debug|Any CPU = Debug|Any CPU
		Release|Any CPU = Release|Any CPU
	EndGlobalSection
	GlobalSection(ProjectConfigurationPlatforms) = postSolution
		{547355BD-A20B-4698-9433-8DAF25E8BF34}.Debug|Any CPU.ActiveCfg = Debug|Any CPU
		{547355BD-A20B-4698-9433-8DAF25E8BF34}.Debug|Any CPU.Build.0 = Debug|Any CPU
		{547355BD-A20B-4698-9433-8DAF25E8BF34}.Release|Any CPU.ActiveCfg = Release|Any CPU
		{547355BD-A20B-4698-9433-8DAF25E8BF34}.Release|Any CPU.Build.0 = Release|Any CPU
		{D1F4960E-D696-4484-A601-EFFB27E95E09}.Debug|Any CPU.ActiveCfg = Debug|Any CPU
		{D1F4960E-D696-4484-A601-EFFB27E95E09}.Debug|Any CPU.Build.0 = Debug|Any CPU
		{D1F4960E-D696-4484-A601-EFFB27E95E09}.Release|Any CPU.ActiveCfg = Release|Any CPU
		{D1F4960E-D696-4484-A601-EFFB27E95E09}.Release|Any CPU.Build.0 = Release|Any CPU
		{FD184851-954D-4066-B8A4-7754F7002E8E}.Debug|Any CPU.ActiveCfg = Debug|Any CPU
		{FD184851-954D-4066-B8A4-7754F7002E8E}.Debug|Any CPU.Build.0 = Debug|Any CPU
		{FD184851-954D-4066-B8A4-7754F7002E8E}.Release|Any CPU.ActiveCfg = Release|Any CPU
		{FD184851-954D-4066-B8A4-7754F7002E8E}.Release|Any CPU.Build.0 = Release|Any CPU
	EndGlobalSection
	GlobalSection(SolutionProperties) = preSolution
		HideSolutionNode = FALSE
	EndGlobalSection
	GlobalSection(ExtensibilityGlobals) = postSolution
		SolutionGuid = {3BA4774A-CD01-4966-8FE2-2667ADA1722F}
	EndGlobalSection
EndGlobal
