
Microsoft Visual Studio Solution File, Format Version 12.00
# Visual Studio 15
VisualStudioVersion = 15.0.27004.2010
MinimumVisualStudioVersion = 10.0.40219.1
Project("{FAE04EC0-301F-11D3-BF4B-00C04F79EFBC}") = "MMIXCompiler", "MMIXCompiler\MMIXCompiler.csproj", "{547355BD-A20B-4698-9433-8DAF25E8BF34}"
EndProject
Project("{FAE04EC0-301F-11D3-BF4B-00C04F79EFBC}") = "TestCode", "TestCode\TestCode.csproj", "{D1F4960E-D696-4484-A601-EFFB27E95E09}"
EndProject
Global
	GlobalSection(SolutionConfigurationPlatforms) = preSolution
		Debug|Any CPU = Debug|Any CPU
		Release|Any CPU = Release|Any CPU
	EndGlobalSection
	GlobalSection(ProjectConfigurationPlatforms) = postSolution
		{547355BD-A20B-4698-9433-8DAF25E8BF34}.Debug|Any CPU.ActiveCfg = Debug|Any CPU
		{547355BD-A20B-4698-9433-8DAF25E8BF34}.Debug|Any CPU.Build.0 = Debug|Any CPU
		{547355BD-A20B-4698-9433-8DAF25E8BF34}.Release|Any CPU.ActiveCfg = Release|Any CPU
		{547355BD-A20B-4698-9433-8DAF25E8BF34}.Release|Any CPU.Build.0 = Release|Any CPU
		{D1F4960E-D696-4484-A601-EFFB27E95E09}.Debug|Any CPU.ActiveCfg = Debug|Any CPU
		{D1F4960E-D696-4484-A601-EFFB27E95E09}.Debug|Any CPU.Build.0 = Debug|Any CPU
		{D1F4960E-D696-4484-A601-EFFB27E95E09}.Release|Any CPU.ActiveCfg = Release|Any CPU
		{D1F4960E-D696-4484-A601-EFFB27E95E09}.Release|Any CPU.Build.0 = Release|Any CPU
	EndGlobalSection
	GlobalSection(SolutionProperties) = preSolution
		HideSolutionNode = FALSE
	EndGlobalSection
	GlobalSection(ExtensibilityGlobals) = postSolution
		SolutionGuid = {3BA4774A-CD01-4966-8FE2-2667ADA1722F}
	EndGlobalSection
EndGlobal
